
Microsoft Visual Studio Solution File, Format Version 12.00
# Visual Studio Version 17
VisualStudioVersion = 17.8.34004.107
MinimumVisualStudioVersion = 10.0.40219.1
Project("{2150E333-8FDC-42A3-9474-1A3956D46DE8}") = "NLP", "NLP", "{D442740C-C60F-4C2C-A81D-378DE0404A7F}"
EndProject
Project("{888888A0-9F3D-457C-B088-3A5042F75D52}") = "Complimenter.NLP.Classification", "NLP\Complimenter.NLP.Classification\Complimenter.NLP.Classification.pyproj", "{5F09D21F-8A48-4691-A8CC-A13785EBA905}"
EndProject
Global
	GlobalSection(SolutionConfigurationPlatforms) = preSolution
		Debug|Any CPU = Debug|Any CPU
		Release|Any CPU = Release|Any CPU
	EndGlobalSection
	GlobalSection(ProjectConfigurationPlatforms) = postSolution
		{5F09D21F-8A48-4691-A8CC-A13785EBA905}.Debug|Any CPU.ActiveCfg = Debug|Any CPU
		{5F09D21F-8A48-4691-A8CC-A13785EBA905}.Release|Any CPU.ActiveCfg = Release|Any CPU
	EndGlobalSection
	GlobalSection(SolutionProperties) = preSolution
		HideSolutionNode = FALSE
	EndGlobalSection
	GlobalSection(NestedProjects) = preSolution
		{5F09D21F-8A48-4691-A8CC-A13785EBA905} = {D442740C-C60F-4C2C-A81D-378DE0404A7F}
	EndGlobalSection
	GlobalSection(ExtensibilityGlobals) = postSolution
		SolutionGuid = {9C163738-C599-40DC-912A-0B9B9FCE34A2}
	EndGlobalSection
EndGlobal
